
Microsoft Visual Studio Solution File, Format Version 12.00
# Visual Studio 2013
VisualStudioVersion = 12.0.40629.0
MinimumVisualStudioVersion = 10.0.40219.1
Project("{FAE04EC0-301F-11D3-BF4B-00C04F79EFBC}") = "Seterlund.CodeGuard", "CodeGuard\Seterlund.CodeGuard.csproj", "{534D625B-C310-4A98-8E05-1806E7AE389F}"
EndProject
Project("{FAE04EC0-301F-11D3-BF4B-00C04F79EFBC}") = "Seterlund.CodeGuard.UnitTests", "UnitTests\Seterlund.CodeGuard.UnitTests.csproj", "{B7F516F7-E137-4922-B119-C87FFCDA8BBB}"
EndProject
Project("{2150E333-8FDC-42A3-9474-1A3956D46DE8}") = "Solution Items", "Solution Items", "{96AC009B-2319-4A8C-B041-5294C8C1FA0F}"
	ProjectSection(SolutionItems) = preProject
		CodeGuard.vsmdi = CodeGuard.vsmdi
		License.txt = License.txt
		Local.testsettings = Local.testsettings
		README.markdown = README.markdown
		Images\shield.png = Images\shield.png
		TraceAndTestImpact.testsettings = TraceAndTestImpact.testsettings
	EndProjectSection
EndProject
Project("{2150E333-8FDC-42A3-9474-1A3956D46DE8}") = ".nuget", ".nuget", "{FF11F4C5-F6B5-4602-8BAB-3D3E003A8926}"
	ProjectSection(SolutionItems) = preProject
		.nuget\packages.config = .nuget\packages.config
	EndProjectSection
EndProject
Global
	GlobalSection(SolutionConfigurationPlatforms) = preSolution
		Debug|Any CPU = Debug|Any CPU
		Release|Any CPU = Release|Any CPU
	EndGlobalSection
	GlobalSection(ProjectConfigurationPlatforms) = postSolution
		{534D625B-C310-4A98-8E05-1806E7AE389F}.Debug|Any CPU.ActiveCfg = Debug|Any CPU
		{534D625B-C310-4A98-8E05-1806E7AE389F}.Debug|Any CPU.Build.0 = Debug|Any CPU
		{534D625B-C310-4A98-8E05-1806E7AE389F}.Release|Any CPU.ActiveCfg = Release|Any CPU
		{534D625B-C310-4A98-8E05-1806E7AE389F}.Release|Any CPU.Build.0 = Release|Any CPU
		{B7F516F7-E137-4922-B119-C87FFCDA8BBB}.Debug|Any CPU.ActiveCfg = Debug|Any CPU
		{B7F516F7-E137-4922-B119-C87FFCDA8BBB}.Debug|Any CPU.Build.0 = Debug|Any CPU
		{B7F516F7-E137-4922-B119-C87FFCDA8BBB}.Release|Any CPU.ActiveCfg = Release|Any CPU
		{B7F516F7-E137-4922-B119-C87FFCDA8BBB}.Release|Any CPU.Build.0 = Release|Any CPU
	EndGlobalSection
	GlobalSection(SolutionProperties) = preSolution
		HideSolutionNode = FALSE
	EndGlobalSection
	GlobalSection(CodealikeProperties) = postSolution
		SolutionGuid = 9f50192f-59e9-4b4e-b3eb-19272024fdac
	EndGlobalSection
	GlobalSection(TestCaseManagementSettings) = postSolution
		CategoryFile = CodeGuard.vsmdi
	EndGlobalSection
EndGlobal
