
Microsoft Visual Studio Solution File, Format Version 12.00
# Visual Studio 15
VisualStudioVersion = 15.0.27428.2037
MinimumVisualStudioVersion = 10.0.40219.1
Project("{2150E333-8FDC-42A3-9474-1A3956D46DE8}") = "Solution Items", "Solution Items", "{96AC009B-2319-4A8C-B041-5294C8C1FA0F}"
	ProjectSection(SolutionItems) = preProject
		CodeGuard.vsmdi = CodeGuard.vsmdi
		License.txt = License.txt
		Local.testsettings = Local.testsettings
		README.markdown = README.markdown
		Images\shield.png = Images\shield.png
		TraceAndTestImpact.testsettings = TraceAndTestImpact.testsettings
	EndProjectSection
EndProject
Project("{9A19103F-16F7-4668-BE54-9A1E7A4F7556}") = "Seterlund.CodeGuard", "CodeGuard\Seterlund.CodeGuard.csproj", "{574D0826-8269-4B3F-A323-F0C455B5D4A6}"
EndProject
Project("{9A19103F-16F7-4668-BE54-9A1E7A4F7556}") = "Seterlund.CodeGuard.UnitTests", "UnitTests\Seterlund.CodeGuard.UnitTests.csproj", "{48F97F31-E9E9-4D52-AB96-1CC70C0827BD}"
EndProject
Global
	GlobalSection(SolutionConfigurationPlatforms) = preSolution
		Debug|Any CPU = Debug|Any CPU
		Release|Any CPU = Release|Any CPU
	EndGlobalSection
	GlobalSection(ProjectConfigurationPlatforms) = postSolution
		{574D0826-8269-4B3F-A323-F0C455B5D4A6}.Debug|Any CPU.ActiveCfg = Debug|Any CPU
		{574D0826-8269-4B3F-A323-F0C455B5D4A6}.Debug|Any CPU.Build.0 = Debug|Any CPU
		{574D0826-8269-4B3F-A323-F0C455B5D4A6}.Release|Any CPU.ActiveCfg = Release|Any CPU
		{574D0826-8269-4B3F-A323-F0C455B5D4A6}.Release|Any CPU.Build.0 = Release|Any CPU
		{48F97F31-E9E9-4D52-AB96-1CC70C0827BD}.Debug|Any CPU.ActiveCfg = Debug|Any CPU
		{48F97F31-E9E9-4D52-AB96-1CC70C0827BD}.Debug|Any CPU.Build.0 = Debug|Any CPU
		{48F97F31-E9E9-4D52-AB96-1CC70C0827BD}.Release|Any CPU.ActiveCfg = Release|Any CPU
		{48F97F31-E9E9-4D52-AB96-1CC70C0827BD}.Release|Any CPU.Build.0 = Release|Any CPU
	EndGlobalSection
	GlobalSection(SolutionProperties) = preSolution
		HideSolutionNode = FALSE
	EndGlobalSection
	GlobalSection(ExtensibilityGlobals) = postSolution
		SolutionGuid = {61B83B09-35B8-411B-BDB2-2B481E10C655}
	EndGlobalSection
	GlobalSection(CodealikeProperties) = postSolution
		SolutionGuid = 9f50192f-59e9-4b4e-b3eb-19272024fdac
	EndGlobalSection
	GlobalSection(TestCaseManagementSettings) = postSolution
		CategoryFile = CodeGuard.vsmdi
	EndGlobalSection
EndGlobal
