
Microsoft Visual Studio Solution File, Format Version 12.00
# Visual Studio 15
VisualStudioVersion = 15.0.28010.2036
MinimumVisualStudioVersion = 10.0.40219.1
Project("{9A19103F-16F7-4668-BE54-9A1E7A4F7556}") = "CodeGuard.dotNetCore", "CodeGuard\CodeGuard.dotNetCore.csproj", "{C36C84E9-57B6-4019-9906-393BCF138B88}"
EndProject
Project("{9A19103F-16F7-4668-BE54-9A1E7A4F7556}") = "CodeGuard.dotNetCore.UnitTest", "CodeGuard.UnitTest\CodeGuard.dotNetCore.UnitTest.csproj", "{CDEAF6A7-D229-4AAB-A1DD-A69993DC96FA}"
EndProject
Global
	GlobalSection(SolutionConfigurationPlatforms) = preSolution
		Debug|Any CPU = Debug|Any CPU
		Release|Any CPU = Release|Any CPU
	EndGlobalSection
	GlobalSection(ProjectConfigurationPlatforms) = postSolution
		{C36C84E9-57B6-4019-9906-393BCF138B88}.Debug|Any CPU.ActiveCfg = Debug|Any CPU
		{C36C84E9-57B6-4019-9906-393BCF138B88}.Debug|Any CPU.Build.0 = Debug|Any CPU
		{C36C84E9-57B6-4019-9906-393BCF138B88}.Release|Any CPU.ActiveCfg = Release|Any CPU
		{C36C84E9-57B6-4019-9906-393BCF138B88}.Release|Any CPU.Build.0 = Release|Any CPU
		{CDEAF6A7-D229-4AAB-A1DD-A69993DC96FA}.Debug|Any CPU.ActiveCfg = Debug|Any CPU
		{CDEAF6A7-D229-4AAB-A1DD-A69993DC96FA}.Debug|Any CPU.Build.0 = Debug|Any CPU
		{CDEAF6A7-D229-4AAB-A1DD-A69993DC96FA}.Release|Any CPU.ActiveCfg = Release|Any CPU
		{CDEAF6A7-D229-4AAB-A1DD-A69993DC96FA}.Release|Any CPU.Build.0 = Release|Any CPU
	EndGlobalSection
	GlobalSection(SolutionProperties) = preSolution
		HideSolutionNode = FALSE
	EndGlobalSection
	GlobalSection(ExtensibilityGlobals) = postSolution
		SolutionGuid = {D4C38BD9-0A69-431A-8DE3-842819152596}
	EndGlobalSection
EndGlobal
